// !$*UTF8*$!
{
	archiveVersion = 1;
	classes = {
	};
	objectVersion = 46;
	objects = {

/* Begin PBXBuildFile section */
		40161B031A403B0C000E68A5 /* EmailTableCellView.swift in Sources */ = {isa = PBXBuildFile; fileRef = 40161B021A403B0C000E68A5 /* EmailTableCellView.swift */; };
		40161B081A40A82A000E68A5 /* SettingWindow.xib in Resources */ = {isa = PBXBuildFile; fileRef = 40161B071A40A82A000E68A5 /* SettingWindow.xib */; };
		40161B0A1A40A88B000E68A5 /* AboutWindow.xib in Resources */ = {isa = PBXBuildFile; fileRef = 40161B091A40A88B000E68A5 /* AboutWindow.xib */; };
		40161B0C1A40A8B8000E68A5 /* SettingController.swift in Sources */ = {isa = PBXBuildFile; fileRef = 40161B0B1A40A8B8000E68A5 /* SettingController.swift */; };
		4022DB401A34422100F35B1F /* EmailService.swift in Sources */ = {isa = PBXBuildFile; fileRef = 4022DB3F1A34422100F35B1F /* EmailService.swift */; };
		40557AB71A343C4C00F845C2 /* AppDelegate.swift in Sources */ = {isa = PBXBuildFile; fileRef = 40557AB61A343C4C00F845C2 /* AppDelegate.swift */; };
		40557AB91A343C4C00F845C2 /* Images.xcassets in Resources */ = {isa = PBXBuildFile; fileRef = 40557AB81A343C4C00F845C2 /* Images.xcassets */; };
		40557AC81A343C4C00F845C2 /* EmailNotifierTests.swift in Sources */ = {isa = PBXBuildFile; fileRef = 40557AC71A343C4C00F845C2 /* EmailNotifierTests.swift */; };
		40989C2A1A34AF7F00E8491D /* EmailListController.swift in Sources */ = {isa = PBXBuildFile; fileRef = 40989C291A34AF7F00E8491D /* EmailListController.swift */; };
		40C5B0431A38BA4B00FD109C /* EmailEntity.swift in Sources */ = {isa = PBXBuildFile; fileRef = 40C5B0421A38BA4B00FD109C /* EmailEntity.swift */; };
		40C69AF31A417F15009F0441 /* AboutController.swift in Sources */ = {isa = PBXBuildFile; fileRef = 40C69AF11A417F15009F0441 /* AboutController.swift */; };
		40C69AF71A41B129009F0441 /* SettingService.swift in Sources */ = {isa = PBXBuildFile; fileRef = 40C69AF61A41B129009F0441 /* SettingService.swift */; };
		40C85AB01A66C90900E14B40 /* Alert.swift in Sources */ = {isa = PBXBuildFile; fileRef = 40C85AAF1A66C90900E14B40 /* Alert.swift */; };
		40CF58101A624F0F00822244 /* EmailListView.xib in Resources */ = {isa = PBXBuildFile; fileRef = 40CF580F1A624F0F00822244 /* EmailListView.xib */; };
		D12B027D1A70BD1A0047F264 /* Security.framework in Frameworks */ = {isa = PBXBuildFile; fileRef = 40557AF11A343D0700F845C2 /* Security.framework */; };
		D12B02801A70BD390047F264 /* KeychainAccess.framework in Frameworks */ = {isa = PBXBuildFile; fileRef = D12B027E1A70BD340047F264 /* KeychainAccess.framework */; };
		D12B02811A70BD390047F264 /* KeychainAccess.framework in CopyFiles */ = {isa = PBXBuildFile; fileRef = D12B027E1A70BD340047F264 /* KeychainAccess.framework */; settings = {ATTRIBUTES = (CodeSignOnCopy, RemoveHeadersOnCopy, ); }; };
		D12B02841A70BD890047F264 /* MailCore.framework in Frameworks */ = {isa = PBXBuildFile; fileRef = D12B02821A70BD850047F264 /* MailCore.framework */; };
		D12B02851A70BD890047F264 /* MailCore.framework in CopyFiles */ = {isa = PBXBuildFile; fileRef = D12B02821A70BD850047F264 /* MailCore.framework */; settings = {ATTRIBUTES = (CodeSignOnCopy, RemoveHeadersOnCopy, ); }; };
/* End PBXBuildFile section */

/* Begin PBXContainerItemProxy section */
		40557AC21A343C4C00F845C2 /* PBXContainerItemProxy */ = {
			isa = PBXContainerItemProxy;
			containerPortal = 40557AA91A343C4C00F845C2 /* Project object */;
			proxyType = 1;
			remoteGlobalIDString = 40557AB01A343C4C00F845C2;
			remoteInfo = EmailNotifier;
		};
/* End PBXContainerItemProxy section */

/* Begin PBXCopyFilesBuildPhase section */
		40557AF51A343D7C00F845C2 /* CopyFiles */ = {
			isa = PBXCopyFilesBuildPhase;
			buildActionMask = 2147483647;
			dstPath = "";
			dstSubfolderSpec = 10;
			files = (
				D12B02851A70BD890047F264 /* MailCore.framework in CopyFiles */,
				D12B02811A70BD390047F264 /* KeychainAccess.framework in CopyFiles */,
			);
			runOnlyForDeploymentPostprocessing = 0;
		};
/* End PBXCopyFilesBuildPhase section */

/* Begin PBXFileReference section */
		40161B021A403B0C000E68A5 /* EmailTableCellView.swift */ = {isa = PBXFileReference; fileEncoding = 4; lastKnownFileType = sourcecode.swift; path = EmailTableCellView.swift; sourceTree = "<group>"; };
		40161B071A40A82A000E68A5 /* SettingWindow.xib */ = {isa = PBXFileReference; fileEncoding = 4; lastKnownFileType = file.xib; path = SettingWindow.xib; sourceTree = "<group>"; };
		40161B091A40A88B000E68A5 /* AboutWindow.xib */ = {isa = PBXFileReference; fileEncoding = 4; lastKnownFileType = file.xib; path = AboutWindow.xib; sourceTree = "<group>"; };
		40161B0B1A40A8B8000E68A5 /* SettingController.swift */ = {isa = PBXFileReference; fileEncoding = 4; lastKnownFileType = sourcecode.swift; path = SettingController.swift; sourceTree = "<group>"; };
		4022DB3F1A34422100F35B1F /* EmailService.swift */ = {isa = PBXFileReference; fileEncoding = 4; lastKnownFileType = sourcecode.swift; path = EmailService.swift; sourceTree = "<group>"; };
		40557AB11A343C4C00F845C2 /* EmailNotifier.app */ = {isa = PBXFileReference; explicitFileType = wrapper.application; includeInIndex = 0; path = EmailNotifier.app; sourceTree = BUILT_PRODUCTS_DIR; };
		40557AB51A343C4C00F845C2 /* Info.plist */ = {isa = PBXFileReference; lastKnownFileType = text.plist.xml; path = Info.plist; sourceTree = "<group>"; };
		40557AB61A343C4C00F845C2 /* AppDelegate.swift */ = {isa = PBXFileReference; lastKnownFileType = sourcecode.swift; path = AppDelegate.swift; sourceTree = "<group>"; };
		40557AB81A343C4C00F845C2 /* Images.xcassets */ = {isa = PBXFileReference; lastKnownFileType = folder.assetcatalog; path = Images.xcassets; sourceTree = "<group>"; };
		40557AC11A343C4C00F845C2 /* EmailNotifierTests.xctest */ = {isa = PBXFileReference; explicitFileType = wrapper.cfbundle; includeInIndex = 0; path = EmailNotifierTests.xctest; sourceTree = BUILT_PRODUCTS_DIR; };
		40557AC61A343C4C00F845C2 /* Info.plist */ = {isa = PBXFileReference; lastKnownFileType = text.plist.xml; path = Info.plist; sourceTree = "<group>"; };
		40557AC71A343C4C00F845C2 /* EmailNotifierTests.swift */ = {isa = PBXFileReference; lastKnownFileType = sourcecode.swift; path = EmailNotifierTests.swift; sourceTree = "<group>"; };
		40557AF11A343D0700F845C2 /* Security.framework */ = {isa = PBXFileReference; lastKnownFileType = wrapper.framework; name = Security.framework; path = System/Library/Frameworks/Security.framework; sourceTree = SDKROOT; };
		40557AF71A343DC500F845C2 /* ObjectiveCBridgingHeader.h */ = {isa = PBXFileReference; lastKnownFileType = sourcecode.c.h; path = ObjectiveCBridgingHeader.h; sourceTree = "<group>"; };
		40989C291A34AF7F00E8491D /* EmailListController.swift */ = {isa = PBXFileReference; fileEncoding = 4; lastKnownFileType = sourcecode.swift; path = EmailListController.swift; sourceTree = "<group>"; };
		40C5B0421A38BA4B00FD109C /* EmailEntity.swift */ = {isa = PBXFileReference; fileEncoding = 4; lastKnownFileType = sourcecode.swift; path = EmailEntity.swift; sourceTree = "<group>"; };
		40C69AF11A417F15009F0441 /* AboutController.swift */ = {isa = PBXFileReference; fileEncoding = 4; lastKnownFileType = sourcecode.swift; path = AboutController.swift; sourceTree = "<group>"; };
		40C69AF61A41B129009F0441 /* SettingService.swift */ = {isa = PBXFileReference; fileEncoding = 4; lastKnownFileType = sourcecode.swift; path = SettingService.swift; sourceTree = "<group>"; };
		40C85AAF1A66C90900E14B40 /* Alert.swift */ = {isa = PBXFileReference; fileEncoding = 4; lastKnownFileType = sourcecode.swift; path = Alert.swift; sourceTree = "<group>"; };
		40CF580F1A624F0F00822244 /* EmailListView.xib */ = {isa = PBXFileReference; fileEncoding = 4; lastKnownFileType = file.xib; path = EmailListView.xib; sourceTree = "<group>"; };
		D12B027E1A70BD340047F264 /* KeychainAccess.framework */ = {isa = PBXFileReference; lastKnownFileType = wrapper.framework; name = KeychainAccess.framework; path = ../KeychainAccess/Lib/DerivedData/KeychainAccess/Build/Products/Release/KeychainAccess.framework; sourceTree = "<group>"; };
		D12B02821A70BD850047F264 /* MailCore.framework */ = {isa = PBXFileReference; lastKnownFileType = wrapper.framework; name = MailCore.framework; path = "../mailcore2/build-mac/DerivedData/mailcore2/Build/Products/Release/MailCore.framework"; sourceTree = "<group>"; };
/* End PBXFileReference section */

/* Begin PBXFrameworksBuildPhase section */
		40557AAE1A343C4C00F845C2 /* Frameworks */ = {
			isa = PBXFrameworksBuildPhase;
			buildActionMask = 2147483647;
			files = (
				D12B027D1A70BD1A0047F264 /* Security.framework in Frameworks */,
				D12B02801A70BD390047F264 /* KeychainAccess.framework in Frameworks */,
				D12B02841A70BD890047F264 /* MailCore.framework in Frameworks */,
			);
			runOnlyForDeploymentPostprocessing = 0;
		};
		40557ABE1A343C4C00F845C2 /* Frameworks */ = {
			isa = PBXFrameworksBuildPhase;
			buildActionMask = 2147483647;
			files = (
			);
			runOnlyForDeploymentPostprocessing = 0;
		};
/* End PBXFrameworksBuildPhase section */

/* Begin PBXGroup section */
		40161B001A4037E0000E68A5 /* Setting */ = {
			isa = PBXGroup;
			children = (
				40161B0B1A40A8B8000E68A5 /* SettingController.swift */,
				40161B071A40A82A000E68A5 /* SettingWindow.xib */,
			);
			name = Setting;
			sourceTree = "<group>";
		};
		40161B011A4037FC000E68A5 /* Email List */ = {
			isa = PBXGroup;
			children = (
				40C5B0421A38BA4B00FD109C /* EmailEntity.swift */,
				40989C291A34AF7F00E8491D /* EmailListController.swift */,
				40161B021A403B0C000E68A5 /* EmailTableCellView.swift */,
				40CF580F1A624F0F00822244 /* EmailListView.xib */,
			);
			name = "Email List";
			sourceTree = "<group>";
		};
		40161B041A40A76F000E68A5 /* About */ = {
			isa = PBXGroup;
			children = (
				40161B091A40A88B000E68A5 /* AboutWindow.xib */,
				40C69AF11A417F15009F0441 /* AboutController.swift */,
			);
			name = About;
			sourceTree = "<group>";
		};
		40557AA81A343C4C00F845C2 = {
			isa = PBXGroup;
			children = (
				D12B02821A70BD850047F264 /* MailCore.framework */,
				D12B027E1A70BD340047F264 /* KeychainAccess.framework */,
				40557AF11A343D0700F845C2 /* Security.framework */,
				40557AB31A343C4C00F845C2 /* EmailNotifier */,
				40557AC41A343C4C00F845C2 /* EmailNotifierTests */,
				40557AB21A343C4C00F845C2 /* Products */,
			);
			sourceTree = "<group>";
		};
		40557AB21A343C4C00F845C2 /* Products */ = {
			isa = PBXGroup;
			children = (
				40557AB11A343C4C00F845C2 /* EmailNotifier.app */,
				40557AC11A343C4C00F845C2 /* EmailNotifierTests.xctest */,
			);
			name = Products;
			sourceTree = "<group>";
		};
		40557AB31A343C4C00F845C2 /* EmailNotifier */ = {
			isa = PBXGroup;
			children = (
				40C85AA71A66C8F900E14B40 /* Util */,
				40C69AF51A41AD68009F0441 /* Service */,
				40161B011A4037FC000E68A5 /* Email List */,
				40161B001A4037E0000E68A5 /* Setting */,
				40161B041A40A76F000E68A5 /* About */,
				40557AB41A343C4C00F845C2 /* Supporting Files */,
				40557AB61A343C4C00F845C2 /* AppDelegate.swift */,
				40557AF71A343DC500F845C2 /* ObjectiveCBridgingHeader.h */,
				40557AB81A343C4C00F845C2 /* Images.xcassets */,
			);
			path = EmailNotifier;
			sourceTree = "<group>";
		};
		40557AB41A343C4C00F845C2 /* Supporting Files */ = {
			isa = PBXGroup;
			children = (
				40557AB51A343C4C00F845C2 /* Info.plist */,
			);
			name = "Supporting Files";
			sourceTree = "<group>";
		};
		40557AC41A343C4C00F845C2 /* EmailNotifierTests */ = {
			isa = PBXGroup;
			children = (
				40557AC71A343C4C00F845C2 /* EmailNotifierTests.swift */,
				40557AC51A343C4C00F845C2 /* Supporting Files */,
			);
			path = EmailNotifierTests;
			sourceTree = "<group>";
		};
		40557AC51A343C4C00F845C2 /* Supporting Files */ = {
			isa = PBXGroup;
			children = (
				40557AC61A343C4C00F845C2 /* Info.plist */,
			);
			name = "Supporting Files";
			sourceTree = "<group>";
		};
		40C69AF51A41AD68009F0441 /* Service */ = {
			isa = PBXGroup;
			children = (
				4022DB3F1A34422100F35B1F /* EmailService.swift */,
				40C69AF61A41B129009F0441 /* SettingService.swift */,
			);
			name = Service;
			sourceTree = "<group>";
		};
		40C85AA71A66C8F900E14B40 /* Util */ = {
			isa = PBXGroup;
			children = (
				40C85AAF1A66C90900E14B40 /* Alert.swift */,
			);
			name = Util;
			sourceTree = "<group>";
		};
/* End PBXGroup section */

/* Begin PBXNativeTarget section */
		40557AB01A343C4C00F845C2 /* EmailNotifier */ = {
			isa = PBXNativeTarget;
			buildConfigurationList = 40557ACB1A343C4C00F845C2 /* Build configuration list for PBXNativeTarget "EmailNotifier" */;
			buildPhases = (
				40557AAD1A343C4C00F845C2 /* Sources */,
				40557AAE1A343C4C00F845C2 /* Frameworks */,
				40557AAF1A343C4C00F845C2 /* Resources */,
				40557AF51A343D7C00F845C2 /* CopyFiles */,
			);
			buildRules = (
			);
			dependencies = (
			);
			name = EmailNotifier;
			productName = EmailNotifier;
			productReference = 40557AB11A343C4C00F845C2 /* EmailNotifier.app */;
			productType = "com.apple.product-type.application";
		};
		40557AC01A343C4C00F845C2 /* EmailNotifierTests */ = {
			isa = PBXNativeTarget;
			buildConfigurationList = 40557ACE1A343C4C00F845C2 /* Build configuration list for PBXNativeTarget "EmailNotifierTests" */;
			buildPhases = (
				40557ABD1A343C4C00F845C2 /* Sources */,
				40557ABE1A343C4C00F845C2 /* Frameworks */,
				40557ABF1A343C4C00F845C2 /* Resources */,
			);
			buildRules = (
			);
			dependencies = (
				40557AC31A343C4C00F845C2 /* PBXTargetDependency */,
			);
			name = EmailNotifierTests;
			productName = EmailNotifierTests;
			productReference = 40557AC11A343C4C00F845C2 /* EmailNotifierTests.xctest */;
			productType = "com.apple.product-type.bundle.unit-test";
		};
/* End PBXNativeTarget section */

/* Begin PBXProject section */
		40557AA91A343C4C00F845C2 /* Project object */ = {
			isa = PBXProject;
			attributes = {
				LastUpgradeCheck = 0610;
				ORGANIZATIONNAME = Vitaliy.Ladan;
				TargetAttributes = {
					40557AB01A343C4C00F845C2 = {
						CreatedOnToolsVersion = 6.1;
					};
					40557AC01A343C4C00F845C2 = {
						CreatedOnToolsVersion = 6.1;
						TestTargetID = 40557AB01A343C4C00F845C2;
					};
				};
			};
			buildConfigurationList = 40557AAC1A343C4C00F845C2 /* Build configuration list for PBXProject "EmailNotifier" */;
			compatibilityVersion = "Xcode 3.2";
			developmentRegion = English;
			hasScannedForEncodings = 0;
			knownRegions = (
				en,
				Base,
			);
			mainGroup = 40557AA81A343C4C00F845C2;
			productRefGroup = 40557AB21A343C4C00F845C2 /* Products */;
			projectDirPath = "";
			projectRoot = "";
			targets = (
				40557AB01A343C4C00F845C2 /* EmailNotifier */,
				40557AC01A343C4C00F845C2 /* EmailNotifierTests */,
			);
		};
/* End PBXProject section */

/* Begin PBXResourcesBuildPhase section */
		40557AAF1A343C4C00F845C2 /* Resources */ = {
			isa = PBXResourcesBuildPhase;
			buildActionMask = 2147483647;
			files = (
				40161B0A1A40A88B000E68A5 /* AboutWindow.xib in Resources */,
				40CF58101A624F0F00822244 /* EmailListView.xib in Resources */,
				40557AB91A343C4C00F845C2 /* Images.xcassets in Resources */,
				40161B081A40A82A000E68A5 /* SettingWindow.xib in Resources */,
			);
			runOnlyForDeploymentPostprocessing = 0;
		};
		40557ABF1A343C4C00F845C2 /* Resources */ = {
			isa = PBXResourcesBuildPhase;
			buildActionMask = 2147483647;
			files = (
			);
			runOnlyForDeploymentPostprocessing = 0;
		};
/* End PBXResourcesBuildPhase section */

/* Begin PBXSourcesBuildPhase section */
		40557AAD1A343C4C00F845C2 /* Sources */ = {
			isa = PBXSourcesBuildPhase;
			buildActionMask = 2147483647;
			files = (
				40C85AB01A66C90900E14B40 /* Alert.swift in Sources */,
				4022DB401A34422100F35B1F /* EmailService.swift in Sources */,
				40161B031A403B0C000E68A5 /* EmailTableCellView.swift in Sources */,
				40C5B0431A38BA4B00FD109C /* EmailEntity.swift in Sources */,
				40557AB71A343C4C00F845C2 /* AppDelegate.swift in Sources */,
				40989C2A1A34AF7F00E8491D /* EmailListController.swift in Sources */,
				40161B0C1A40A8B8000E68A5 /* SettingController.swift in Sources */,
				40C69AF71A41B129009F0441 /* SettingService.swift in Sources */,
				40C69AF31A417F15009F0441 /* AboutController.swift in Sources */,
			);
			runOnlyForDeploymentPostprocessing = 0;
		};
		40557ABD1A343C4C00F845C2 /* Sources */ = {
			isa = PBXSourcesBuildPhase;
			buildActionMask = 2147483647;
			files = (
				40557AC81A343C4C00F845C2 /* EmailNotifierTests.swift in Sources */,
			);
			runOnlyForDeploymentPostprocessing = 0;
		};
/* End PBXSourcesBuildPhase section */

/* Begin PBXTargetDependency section */
		40557AC31A343C4C00F845C2 /* PBXTargetDependency */ = {
			isa = PBXTargetDependency;
			target = 40557AB01A343C4C00F845C2 /* EmailNotifier */;
			targetProxy = 40557AC21A343C4C00F845C2 /* PBXContainerItemProxy */;
		};
/* End PBXTargetDependency section */

/* Begin XCBuildConfiguration section */
		40557AC91A343C4C00F845C2 /* Debug */ = {
			isa = XCBuildConfiguration;
			buildSettings = {
				ALWAYS_SEARCH_USER_PATHS = NO;
				CLANG_CXX_LANGUAGE_STANDARD = "gnu++0x";
				CLANG_CXX_LIBRARY = "libc++";
				CLANG_ENABLE_MODULES = YES;
				CLANG_ENABLE_OBJC_ARC = YES;
				CLANG_WARN_BOOL_CONVERSION = YES;
				CLANG_WARN_CONSTANT_CONVERSION = YES;
				CLANG_WARN_DIRECT_OBJC_ISA_USAGE = YES_ERROR;
				CLANG_WARN_EMPTY_BODY = YES;
				CLANG_WARN_ENUM_CONVERSION = YES;
				CLANG_WARN_INT_CONVERSION = YES;
				CLANG_WARN_OBJC_ROOT_CLASS = YES_ERROR;
				CLANG_WARN_UNREACHABLE_CODE = YES;
				CLANG_WARN__DUPLICATE_METHOD_MATCH = YES;
				CODE_SIGN_IDENTITY = "-";
				COPY_PHASE_STRIP = NO;
				ENABLE_STRICT_OBJC_MSGSEND = YES;
				GCC_C_LANGUAGE_STANDARD = gnu99;
				GCC_DYNAMIC_NO_PIC = NO;
				GCC_OPTIMIZATION_LEVEL = 0;
				GCC_PREPROCESSOR_DEFINITIONS = (
					"DEBUG=1",
					"$(inherited)",
				);
				GCC_SYMBOLS_PRIVATE_EXTERN = NO;
				GCC_WARN_64_TO_32_BIT_CONVERSION = YES;
				GCC_WARN_ABOUT_RETURN_TYPE = YES_ERROR;
				GCC_WARN_UNDECLARED_SELECTOR = YES;
				GCC_WARN_UNINITIALIZED_AUTOS = YES_AGGRESSIVE;
				GCC_WARN_UNUSED_FUNCTION = YES;
				GCC_WARN_UNUSED_VARIABLE = YES;
				MACOSX_DEPLOYMENT_TARGET = 10.10;
				MTL_ENABLE_DEBUG_INFO = YES;
				ONLY_ACTIVE_ARCH = YES;
				SDKROOT = macosx;
				SWIFT_OPTIMIZATION_LEVEL = "-Onone";
			};
			name = Debug;
		};
		40557ACA1A343C4C00F845C2 /* Release */ = {
			isa = XCBuildConfiguration;
			buildSettings = {
				ALWAYS_SEARCH_USER_PATHS = NO;
				CLANG_CXX_LANGUAGE_STANDARD = "gnu++0x";
				CLANG_CXX_LIBRARY = "libc++";
				CLANG_ENABLE_MODULES = YES;
				CLANG_ENABLE_OBJC_ARC = YES;
				CLANG_WARN_BOOL_CONVERSION = YES;
				CLANG_WARN_CONSTANT_CONVERSION = YES;
				CLANG_WARN_DIRECT_OBJC_ISA_USAGE = YES_ERROR;
				CLANG_WARN_EMPTY_BODY = YES;
				CLANG_WARN_ENUM_CONVERSION = YES;
				CLANG_WARN_INT_CONVERSION = YES;
				CLANG_WARN_OBJC_ROOT_CLASS = YES_ERROR;
				CLANG_WARN_UNREACHABLE_CODE = YES;
				CLANG_WARN__DUPLICATE_METHOD_MATCH = YES;
				CODE_SIGN_IDENTITY = "-";
				COPY_PHASE_STRIP = YES;
				DEBUG_INFORMATION_FORMAT = "dwarf-with-dsym";
				ENABLE_NS_ASSERTIONS = NO;
				ENABLE_STRICT_OBJC_MSGSEND = YES;
				GCC_C_LANGUAGE_STANDARD = gnu99;
				GCC_WARN_64_TO_32_BIT_CONVERSION = YES;
				GCC_WARN_ABOUT_RETURN_TYPE = YES_ERROR;
				GCC_WARN_UNDECLARED_SELECTOR = YES;
				GCC_WARN_UNINITIALIZED_AUTOS = YES_AGGRESSIVE;
				GCC_WARN_UNUSED_FUNCTION = YES;
				GCC_WARN_UNUSED_VARIABLE = YES;
				MACOSX_DEPLOYMENT_TARGET = 10.10;
				MTL_ENABLE_DEBUG_INFO = NO;
				SDKROOT = macosx;
			};
			name = Release;
		};
		40557ACC1A343C4C00F845C2 /* Debug */ = {
			isa = XCBuildConfiguration;
			buildSettings = {
				ASSETCATALOG_COMPILER_APPICON_NAME = AppIcon;
				COMBINE_HIDPI_IMAGES = YES;
				FRAMEWORK_SEARCH_PATHS = (
					"$(PROJECT_DIR)/../mailcore2/build-mac/build/Debug",
					/Users/vitaliyladan/dev/KeychainAccess/Lib/build/Debug,
					"$(PROJECT_DIR)",
					/Users/vitaliy.ladan/Documents/email/KeychainAccess/Lib/DerivedData/KeychainAccess/Build/Products/Release,
					"/Users/vitaliy.ladan/Documents/email/mailcore2/build-mac/DerivedData/mailcore2/Build/Products/Release",
				);
				INFOPLIST_FILE = EmailNotifier/Info.plist;
				LD_RUNPATH_SEARCH_PATHS = "$(inherited) @executable_path/../Frameworks";
				PRODUCT_NAME = "$(TARGET_NAME)";
				SWIFT_OBJC_BRIDGING_HEADER = EmailNotifier/ObjectiveCBridgingHeader.h;
			};
			name = Debug;
		};
		40557ACD1A343C4C00F845C2 /* Release */ = {
			isa = XCBuildConfiguration;
			buildSettings = {
				ASSETCATALOG_COMPILER_APPICON_NAME = AppIcon;
				COMBINE_HIDPI_IMAGES = YES;
				FRAMEWORK_SEARCH_PATHS = (
					"$(PROJECT_DIR)/../mailcore2/build-mac/build/Debug",
					/Users/vitaliyladan/dev/KeychainAccess/Lib/build/Debug,
					"$(PROJECT_DIR)",
					/Users/vitaliy.ladan/Documents/email/KeychainAccess/Lib/DerivedData/KeychainAccess/Build/Products/Release,
					"/Users/vitaliy.ladan/Documents/email/mailcore2/build-mac/DerivedData/mailcore2/Build/Products/Release",
				);
				INFOPLIST_FILE = EmailNotifier/Info.plist;
				LD_RUNPATH_SEARCH_PATHS = "$(inherited) @executable_path/../Frameworks";
				PRODUCT_NAME = "$(TARGET_NAME)";
				SWIFT_OBJC_BRIDGING_HEADER = EmailNotifier/ObjectiveCBridgingHeader.h;
			};
			name = Release;
		};
		40557ACF1A343C4C00F845C2 /* Debug */ = {
			isa = XCBuildConfiguration;
			buildSettings = {
				BUNDLE_LOADER = "$(TEST_HOST)";
				COMBINE_HIDPI_IMAGES = YES;
				FRAMEWORK_SEARCH_PATHS = (
					"$(DEVELOPER_FRAMEWORKS_DIR)",
					"$(inherited)",
				);
				GCC_PREPROCESSOR_DEFINITIONS = (
					"DEBUG=1",
					"$(inherited)",
				);
				INFOPLIST_FILE = EmailNotifierTests/Info.plist;
				LD_RUNPATH_SEARCH_PATHS = "$(inherited) @executable_path/../Frameworks @loader_path/../Frameworks";
				PRODUCT_NAME = "$(TARGET_NAME)";
				TEST_HOST = "$(BUILT_PRODUCTS_DIR)/EmailNotifier.app/Contents/MacOS/EmailNotifier";
			};
			name = Debug;
		};
		40557AD01A343C4C00F845C2 /* Release */ = {
			isa = XCBuildConfiguration;
			buildSettings = {
				BUNDLE_LOADER = "$(TEST_HOST)";
				COMBINE_HIDPI_IMAGES = YES;
				FRAMEWORK_SEARCH_PATHS = (
					"$(DEVELOPER_FRAMEWORKS_DIR)",
					"$(inherited)",
				);
				INFOPLIST_FILE = EmailNotifierTests/Info.plist;
				LD_RUNPATH_SEARCH_PATHS = "$(inherited) @executable_path/../Frameworks @loader_path/../Frameworks";
				PRODUCT_NAME = "$(TARGET_NAME)";
				TEST_HOST = "$(BUILT_PRODUCTS_DIR)/EmailNotifier.app/Contents/MacOS/EmailNotifier";
			};
			name = Release;
		};
/* End XCBuildConfiguration section */

/* Begin XCConfigurationList section */
		40557AAC1A343C4C00F845C2 /* Build configuration list for PBXProject "EmailNotifier" */ = {
			isa = XCConfigurationList;
			buildConfigurations = (
				40557AC91A343C4C00F845C2 /* Debug */,
				40557ACA1A343C4C00F845C2 /* Release */,
			);
			defaultConfigurationIsVisible = 0;
			defaultConfigurationName = Release;
		};
		40557ACB1A343C4C00F845C2 /* Build configuration list for PBXNativeTarget "EmailNotifier" */ = {
			isa = XCConfigurationList;
			buildConfigurations = (
				40557ACC1A343C4C00F845C2 /* Debug */,
				40557ACD1A343C4C00F845C2 /* Release */,
			);
			defaultConfigurationIsVisible = 0;
			defaultConfigurationName = Release;
		};
		40557ACE1A343C4C00F845C2 /* Build configuration list for PBXNativeTarget "EmailNotifierTests" */ = {
			isa = XCConfigurationList;
			buildConfigurations = (
				40557ACF1A343C4C00F845C2 /* Debug */,
				40557AD01A343C4C00F845C2 /* Release */,
			);
			defaultConfigurationIsVisible = 0;
			defaultConfigurationName = Release;
		};
/* End XCConfigurationList section */
	};
	rootObject = 40557AA91A343C4C00F845C2 /* Project object */;
}
